
Microsoft Visual Studio Solution File, Format Version 12.00
# Visual Studio Version 17
VisualStudioVersion = 17.10.34928.147
MinimumVisualStudioVersion = 10.0.40219.1
Project("{FAE04EC0-301F-11D3-BF4B-00C04F79EFBC}") = "ConsoleApp2", "ConsoleApp2\ConsoleApp2.csproj", "{E2580567-2271-48EB-8772-6C06234E1229}"
EndProject
Global
	GlobalSection(SolutionConfigurationPlatforms) = preSolution
		Debug|Any CPU = Debug|Any CPU
		Release|Any CPU = Release|Any CPU
	EndGlobalSection
	GlobalSection(ProjectConfigurationPlatforms) = postSolution
		{E2580567-2271-48EB-8772-6C06234E1229}.Debug|Any CPU.ActiveCfg = Debug|Any CPU
		{E2580567-2271-48EB-8772-6C06234E1229}.Debug|Any CPU.Build.0 = Debug|Any CPU
		{E2580567-2271-48EB-8772-6C06234E1229}.Release|Any CPU.ActiveCfg = Release|Any CPU
		{E2580567-2271-48EB-8772-6C06234E1229}.Release|Any CPU.Build.0 = Release|Any CPU
	EndGlobalSection
	GlobalSection(SolutionProperties) = preSolution
		HideSolutionNode = FALSE
	EndGlobalSection
	GlobalSection(ExtensibilityGlobals) = postSolution
		SolutionGuid = {448039A4-EC50-473B-B9A1-F19AFE7A9D09}
	EndGlobalSection
EndGlobal
