
Microsoft Visual Studio Solution File, Format Version 12.00
# Visual Studio Version 17
VisualStudioVersion = 17.10.34928.147
MinimumVisualStudioVersion = 10.0.40219.1
Project("{FAE04EC0-301F-11D3-BF4B-00C04F79EFBC}") = "ConsoleApp2", "ConsoleApp2\ConsoleApp2.csproj", "{3B4FC833-21DD-4D97-9537-136BCDBFBDB2}"
EndProject
Global
	GlobalSection(SolutionConfigurationPlatforms) = preSolution
		Debug|Any CPU = Debug|Any CPU
		Release|Any CPU = Release|Any CPU
	EndGlobalSection
	GlobalSection(ProjectConfigurationPlatforms) = postSolution
		{3B4FC833-21DD-4D97-9537-136BCDBFBDB2}.Debug|Any CPU.ActiveCfg = Debug|Any CPU
		{3B4FC833-21DD-4D97-9537-136BCDBFBDB2}.Debug|Any CPU.Build.0 = Debug|Any CPU
		{3B4FC833-21DD-4D97-9537-136BCDBFBDB2}.Release|Any CPU.ActiveCfg = Release|Any CPU
		{3B4FC833-21DD-4D97-9537-136BCDBFBDB2}.Release|Any CPU.Build.0 = Release|Any CPU
	EndGlobalSection
	GlobalSection(SolutionProperties) = preSolution
		HideSolutionNode = FALSE
	EndGlobalSection
	GlobalSection(ExtensibilityGlobals) = postSolution
		SolutionGuid = {C388E079-8C9A-4C2A-92BD-46BFE82F6C62}
	EndGlobalSection
EndGlobal
