
Microsoft Visual Studio Solution File, Format Version 12.00
# Visual Studio Version 17
VisualStudioVersion = 17.10.34928.147
MinimumVisualStudioVersion = 10.0.40219.1
Project("{FAE04EC0-301F-11D3-BF4B-00C04F79EFBC}") = "ConsoleApp8", "ConsoleApp8\ConsoleApp8.csproj", "{A97142F7-B4B2-437B-AF2F-53EA6461B630}"
EndProject
Global
	GlobalSection(SolutionConfigurationPlatforms) = preSolution
		Debug|Any CPU = Debug|Any CPU
		Release|Any CPU = Release|Any CPU
	EndGlobalSection
	GlobalSection(ProjectConfigurationPlatforms) = postSolution
		{A97142F7-B4B2-437B-AF2F-53EA6461B630}.Debug|Any CPU.ActiveCfg = Debug|Any CPU
		{A97142F7-B4B2-437B-AF2F-53EA6461B630}.Debug|Any CPU.Build.0 = Debug|Any CPU
		{A97142F7-B4B2-437B-AF2F-53EA6461B630}.Release|Any CPU.ActiveCfg = Release|Any CPU
		{A97142F7-B4B2-437B-AF2F-53EA6461B630}.Release|Any CPU.Build.0 = Release|Any CPU
	EndGlobalSection
	GlobalSection(SolutionProperties) = preSolution
		HideSolutionNode = FALSE
	EndGlobalSection
	GlobalSection(ExtensibilityGlobals) = postSolution
		SolutionGuid = {6BA1FC24-ACB2-4749-9331-61D99CA5E19D}
	EndGlobalSection
EndGlobal
